<?xml version="1.0" encoding="utf-8"?>
<Project ToolsVersion="4.0" xmlns="http://schemas.microsoft.com/developer/msbuild/2003">
  <ItemGroup>
    <Filter Include="Resource Files">
      <UniqueIdentifier>{67DA6AB6-F800-4c08-8B7A-83BB121AAD01}</UniqueIdentifier>
      <Extensions>rc;ico;cur;bmp;dlg;rc2;rct;bin;rgs;gif;jpg;jpeg;jpe;resx;tiff;tif;png;wav;mfcribbon-ms</Extensions>
    </Filter>
    <Filter Include="Framework - wxWidgets">
      <UniqueIdentifier>{93995380-89BD-4b04-88EB-625FBE52EBFB}</UniqueIdentifier>
      <Extensions>h;hh;hpp;hxx;h++;hm;inl;inc;ipp;xsd;cpp;c;cc;cxx;c++;cppm;ixx;def;odl;idl;hpj;bat;asm;asmx</Extensions>
    </Filter>
  </ItemGroup>
  <ItemGroup>
    <ClInclude Include="framework.h">
      <Filter>Framework - wxWidgets</Filter>
    </ClInclude>
    <ClInclude Include="targetver.h">
      <Filter>Framework - wxWidgets</Filter>
    </ClInclude>
    <ClInclude Include="Resource.h">
      <Filter>Framework - wxWidgets</Filter>
    </ClInclude>
    <ClInclude Include="wxDesktopApp.h">
      <Filter>Framework - wxWidgets</Filter>
    </ClInclude>
    <ClInclude Include="pch.h">
      <Filter>Framework - wxWidgets</Filter>
    </ClInclude>
    <ClInclude Include="wxUI.h">
      <Filter>Resource Files</Filter>
    </ClInclude>
    <ClInclude Include="MainWnd.h">
      <Filter>Framework - wxWidgets</Filter>
    </ClInclude>
  </ItemGroup>
  <ItemGroup>
    <ResourceCompile Include="wxDesktopApp.rc">
      <Filter>Resource Files</Filter>
    </ResourceCompile>
  </ItemGroup>
  <ItemGroup>
    <Image Include="small.ico">
      <Filter>Resource Files</Filter>
    </Image>
    <Image Include="wxDesktopApp.ico">
      <Filter>Resource Files</Filter>
    </Image>
  </ItemGroup>
  <ItemGroup>
    <ClCompile Include="wxDesktopApp.cpp">
      <Filter>Framework - wxWidgets</Filter>
    </ClCompile>
    <ClCompile Include="pch.cpp">
      <Filter>Framework - wxWidgets</Filter>
    </ClCompile>
    <ClCompile Include="wxUI.cpp">
      <Filter>Resource Files</Filter>
    </ClCompile>
    <ClCompile Include="MainWnd.cpp">
      <Filter>Framework - wxWidgets</Filter>
    </ClCompile>
  </ItemGroup>
  <ItemGroup>
    <None Include="wxUI.fbp">
      <Filter>Resource Files</Filter>
    </None>
  </ItemGroup>
</Project>